{
  "version": 4,
  "terraform_version": "1.3.2",
  "serial": 7,
  "lineage": "14c59dbe-0f01-be97-71f6-477554286a4c",
  "outputs": {},
  "resources": [
    {
      "mode": "managed",
      "type": "local_file",
      "name": "literature",
      "provider": "provider[\"registry.terraform.io/hashicorp/local\"]",
      "instances": [
        {
          "schema_version": 0,
          "attributes": {
            "content": "Sun Tzu said: The art of war is of vital importance to the State.\n\nIt is a matter of life and death, a road either to safety or to\nruin. Hence it is a subject of inquiry which can on no account be\nneglected.\n\nThe art of war, then, is governed by five constant factors, to be\ntaken into account in one's deliberations, when seeking to\ndetermine the conditions obtaining in the field.\nThese are: (1) The Moral Law; (2) Heaven; (3) Earth; (4) The\nCommander; (5) Method and discipline.\n",
            "content_base64": null,
            "directory_permission": "0777",
            "file_permission": "0777",
            "filename": "art_of_war.txt",
            "id": "5996e82f09656185fd5a4a19e200c6e95986a69d",
            "sensitive_content": null,
            "source": null
          },
          "sensitive_attributes": [],
          "private": "bnVsbA=="
        }
      ]
    }
  ],
  "check_results": []
}
